
Microsoft Visual Studio Solution File, Format Version 12.00
# Visual Studio Version 17
VisualStudioVersion = 17.2.32526.322
MinimumVisualStudioVersion = 10.0.40219.1
Project("{FAE04EC0-301F-11D3-BF4B-00C04F79EFBC}") = "Lab4", "Lab4\Lab4.csproj", "{B9763E6B-1375-45BC-9937-877FB68457AB}"
EndProject
Global
	GlobalSection(SolutionConfigurationPlatforms) = preSolution
		Debug|Any CPU = Debug|Any CPU
		Release|Any CPU = Release|Any CPU
	EndGlobalSection
	GlobalSection(ProjectConfigurationPlatforms) = postSolution
		{B9763E6B-1375-45BC-9937-877FB68457AB}.Debug|Any CPU.ActiveCfg = Debug|Any CPU
		{B9763E6B-1375-45BC-9937-877FB68457AB}.Debug|Any CPU.Build.0 = Debug|Any CPU
		{B9763E6B-1375-45BC-9937-877FB68457AB}.Release|Any CPU.ActiveCfg = Release|Any CPU
		{B9763E6B-1375-45BC-9937-877FB68457AB}.Release|Any CPU.Build.0 = Release|Any CPU
	EndGlobalSection
	GlobalSection(SolutionProperties) = preSolution
		HideSolutionNode = FALSE
	EndGlobalSection
	GlobalSection(ExtensibilityGlobals) = postSolution
		SolutionGuid = {DDA50447-D736-48CC-82E3-94351A378618}
	EndGlobalSection
EndGlobal
