
Microsoft Visual Studio Solution File, Format Version 12.00
# Visual Studio Version 17
VisualStudioVersion = 17.2.32526.322
MinimumVisualStudioVersion = 10.0.40219.1
Project("{FAE04EC0-301F-11D3-BF4B-00C04F79EFBC}") = "Lab5", "Lab5\Lab5.csproj", "{EE0CDB34-13F2-4EFD-96E5-BD33BBA7D80E}"
EndProject
Global
	GlobalSection(SolutionConfigurationPlatforms) = preSolution
		Debug|Any CPU = Debug|Any CPU
		Release|Any CPU = Release|Any CPU
	EndGlobalSection
	GlobalSection(ProjectConfigurationPlatforms) = postSolution
		{EE0CDB34-13F2-4EFD-96E5-BD33BBA7D80E}.Debug|Any CPU.ActiveCfg = Debug|Any CPU
		{EE0CDB34-13F2-4EFD-96E5-BD33BBA7D80E}.Debug|Any CPU.Build.0 = Debug|Any CPU
		{EE0CDB34-13F2-4EFD-96E5-BD33BBA7D80E}.Release|Any CPU.ActiveCfg = Release|Any CPU
		{EE0CDB34-13F2-4EFD-96E5-BD33BBA7D80E}.Release|Any CPU.Build.0 = Release|Any CPU
	EndGlobalSection
	GlobalSection(SolutionProperties) = preSolution
		HideSolutionNode = FALSE
	EndGlobalSection
	GlobalSection(ExtensibilityGlobals) = postSolution
		SolutionGuid = {7A861029-C6F3-4A97-A4DE-A2A2DE38F661}
	EndGlobalSection
EndGlobal
